// !$*UTF8*$!
{
	archiveVersion = 1;
	classes = {
	};
	objectVersion = 50;
	objects = {

/* Begin PBXBuildFile section */
		7C34576726B7E76B00514F00 /* VocabooApp.swift in Sources */ = {isa = PBXBuildFile; fileRef = 7C34576626B7E76B00514F00 /* VocabooApp.swift */; };
		7C34576926B7E76B00514F00 /* TrendingVocabulariesView.swift in Sources */ = {isa = PBXBuildFile; fileRef = 7C34576826B7E76B00514F00 /* TrendingVocabulariesView.swift */; };
		7C34576B26B7E76D00514F00 /* Assets.xcassets in Resources */ = {isa = PBXBuildFile; fileRef = 7C34576A26B7E76D00514F00 /* Assets.xcassets */; };
		7C34576E26B7E76D00514F00 /* Preview Assets.xcassets in Resources */ = {isa = PBXBuildFile; fileRef = 7C34576D26B7E76D00514F00 /* Preview Assets.xcassets */; };
		7C34577826B7E8EB00514F00 /* CloudKit.framework in Frameworks */ = {isa = PBXBuildFile; fileRef = 7C34577726B7E8EB00514F00 /* CloudKit.framework */; };
		7C34577A26B7F5F900514F00 /* MyVocabulariesView.swift in Sources */ = {isa = PBXBuildFile; fileRef = 7C34577926B7F5F900514F00 /* MyVocabulariesView.swift */; };
		7C34577E26B7FC5600514F00 /* TrendingVocab.swift in Sources */ = {isa = PBXBuildFile; fileRef = 7C34577D26B7FC5600514F00 /* TrendingVocab.swift */; };
		7C34578126B7FD7400514F00 /* TrendingVocabViewModel.swift in Sources */ = {isa = PBXBuildFile; fileRef = 7C34578026B7FD7400514F00 /* TrendingVocabViewModel.swift */; };
		7C34578426B81A0000514F00 /* Vocab.xcdatamodeld in Sources */ = {isa = PBXBuildFile; fileRef = 7C34578226B81A0000514F00 /* Vocab.xcdatamodeld */; };
		7C34578726B81A6900514F00 /* PersistenceController.swift in Sources */ = {isa = PBXBuildFile; fileRef = 7C34578626B81A6900514F00 /* PersistenceController.swift */; };
/* End PBXBuildFile section */

/* Begin PBXFileReference section */
		7C34576326B7E76B00514F00 /* Vocaboo.app */ = {isa = PBXFileReference; explicitFileType = wrapper.application; includeInIndex = 0; path = Vocaboo.app; sourceTree = BUILT_PRODUCTS_DIR; };
		7C34576626B7E76B00514F00 /* VocabooApp.swift */ = {isa = PBXFileReference; lastKnownFileType = sourcecode.swift; path = VocabooApp.swift; sourceTree = "<group>"; };
		7C34576826B7E76B00514F00 /* TrendingVocabulariesView.swift */ = {isa = PBXFileReference; lastKnownFileType = sourcecode.swift; path = TrendingVocabulariesView.swift; sourceTree = "<group>"; };
		7C34576A26B7E76D00514F00 /* Assets.xcassets */ = {isa = PBXFileReference; lastKnownFileType = folder.assetcatalog; path = Assets.xcassets; sourceTree = "<group>"; };
		7C34576D26B7E76D00514F00 /* Preview Assets.xcassets */ = {isa = PBXFileReference; lastKnownFileType = folder.assetcatalog; path = "Preview Assets.xcassets"; sourceTree = "<group>"; };
		7C34576F26B7E76D00514F00 /* Info.plist */ = {isa = PBXFileReference; lastKnownFileType = text.plist.xml; path = Info.plist; sourceTree = "<group>"; };
		7C34577526B7E8E400514F00 /* Vocaboo.entitlements */ = {isa = PBXFileReference; lastKnownFileType = text.plist.entitlements; path = Vocaboo.entitlements; sourceTree = "<group>"; };
		7C34577726B7E8EB00514F00 /* CloudKit.framework */ = {isa = PBXFileReference; lastKnownFileType = wrapper.framework; name = CloudKit.framework; path = System/Library/Frameworks/CloudKit.framework; sourceTree = SDKROOT; };
		7C34577926B7F5F900514F00 /* MyVocabulariesView.swift */ = {isa = PBXFileReference; lastKnownFileType = sourcecode.swift; path = MyVocabulariesView.swift; sourceTree = "<group>"; };
		7C34577D26B7FC5600514F00 /* TrendingVocab.swift */ = {isa = PBXFileReference; lastKnownFileType = sourcecode.swift; path = TrendingVocab.swift; sourceTree = "<group>"; };
		7C34578026B7FD7400514F00 /* TrendingVocabViewModel.swift */ = {isa = PBXFileReference; lastKnownFileType = sourcecode.swift; path = TrendingVocabViewModel.swift; sourceTree = "<group>"; };
		7C34578326B81A0000514F00 /* Vocab.xcdatamodel */ = {isa = PBXFileReference; lastKnownFileType = wrapper.xcdatamodel; path = Vocab.xcdatamodel; sourceTree = "<group>"; };
		7C34578626B81A6900514F00 /* PersistenceController.swift */ = {isa = PBXFileReference; lastKnownFileType = sourcecode.swift; path = PersistenceController.swift; sourceTree = "<group>"; };
/* End PBXFileReference section */

/* Begin PBXFrameworksBuildPhase section */
		7C34576026B7E76B00514F00 /* Frameworks */ = {
			isa = PBXFrameworksBuildPhase;
			buildActionMask = 2147483647;
			files = (
				7C34577826B7E8EB00514F00 /* CloudKit.framework in Frameworks */,
			);
			runOnlyForDeploymentPostprocessing = 0;
		};
/* End PBXFrameworksBuildPhase section */

/* Begin PBXGroup section */
		7C34575A26B7E76B00514F00 = {
			isa = PBXGroup;
			children = (
				7C34576526B7E76B00514F00 /* Vocaboo */,
				7C34576426B7E76B00514F00 /* Products */,
				7C34577626B7E8EB00514F00 /* Frameworks */,
			);
			sourceTree = "<group>";
		};
		7C34576426B7E76B00514F00 /* Products */ = {
			isa = PBXGroup;
			children = (
				7C34576326B7E76B00514F00 /* Vocaboo.app */,
			);
			name = Products;
			sourceTree = "<group>";
		};
		7C34576526B7E76B00514F00 /* Vocaboo */ = {
			isa = PBXGroup;
			children = (
				7C34577526B7E8E400514F00 /* Vocaboo.entitlements */,
				7C34576626B7E76B00514F00 /* VocabooApp.swift */,
				7C34578526B81A2000514F00 /* Core Data */,
				7C34577F26B7FD2F00514F00 /* ViewModels */,
				7C34577C26B7FC1E00514F00 /* Models */,
				7C34577B26B7F79500514F00 /* Views */,
				7C34576A26B7E76D00514F00 /* Assets.xcassets */,
				7C34576F26B7E76D00514F00 /* Info.plist */,
				7C34576C26B7E76D00514F00 /* Preview Content */,
			);
			path = Vocaboo;
			sourceTree = "<group>";
		};
		7C34576C26B7E76D00514F00 /* Preview Content */ = {
			isa = PBXGroup;
			children = (
				7C34576D26B7E76D00514F00 /* Preview Assets.xcassets */,
			);
			path = "Preview Content";
			sourceTree = "<group>";
		};
		7C34577626B7E8EB00514F00 /* Frameworks */ = {
			isa = PBXGroup;
			children = (
				7C34577726B7E8EB00514F00 /* CloudKit.framework */,
			);
			name = Frameworks;
			sourceTree = "<group>";
		};
		7C34577B26B7F79500514F00 /* Views */ = {
			isa = PBXGroup;
			children = (
				7C34576826B7E76B00514F00 /* TrendingVocabulariesView.swift */,
				7C34577926B7F5F900514F00 /* MyVocabulariesView.swift */,
			);
			path = Views;
			sourceTree = "<group>";
		};
		7C34577C26B7FC1E00514F00 /* Models */ = {
			isa = PBXGroup;
			children = (
				7C34577D26B7FC5600514F00 /* TrendingVocab.swift */,
			);
			path = Models;
			sourceTree = "<group>";
		};
		7C34577F26B7FD2F00514F00 /* ViewModels */ = {
			isa = PBXGroup;
			children = (
				7C34578026B7FD7400514F00 /* TrendingVocabViewModel.swift */,
			);
			path = ViewModels;
			sourceTree = "<group>";
		};
		7C34578526B81A2000514F00 /* Core Data */ = {
			isa = PBXGroup;
			children = (
				7C34578226B81A0000514F00 /* Vocab.xcdatamodeld */,
				7C34578626B81A6900514F00 /* PersistenceController.swift */,
			);
			path = "Core Data";
			sourceTree = "<group>";
		};
/* End PBXGroup section */

/* Begin PBXNativeTarget section */
		7C34576226B7E76B00514F00 /* Vocaboo */ = {
			isa = PBXNativeTarget;
			buildConfigurationList = 7C34577226B7E76D00514F00 /* Build configuration list for PBXNativeTarget "Vocaboo" */;
			buildPhases = (
				7C34575F26B7E76B00514F00 /* Sources */,
				7C34576026B7E76B00514F00 /* Frameworks */,
				7C34576126B7E76B00514F00 /* Resources */,
			);
			buildRules = (
			);
			dependencies = (
			);
			name = Vocaboo;
			productName = Vocaboo;
			productReference = 7C34576326B7E76B00514F00 /* Vocaboo.app */;
			productType = "com.apple.product-type.application";
		};
/* End PBXNativeTarget section */

/* Begin PBXProject section */
		7C34575B26B7E76B00514F00 /* Project object */ = {
			isa = PBXProject;
			attributes = {
				LastSwiftUpdateCheck = 1250;
				LastUpgradeCheck = 1250;
				TargetAttributes = {
					7C34576226B7E76B00514F00 = {
						CreatedOnToolsVersion = 12.5;
					};
				};
			};
			buildConfigurationList = 7C34575E26B7E76B00514F00 /* Build configuration list for PBXProject "Vocaboo" */;
			compatibilityVersion = "Xcode 9.3";
			developmentRegion = en;
			hasScannedForEncodings = 0;
			knownRegions = (
				en,
				Base,
			);
			mainGroup = 7C34575A26B7E76B00514F00;
			productRefGroup = 7C34576426B7E76B00514F00 /* Products */;
			projectDirPath = "";
			projectRoot = "";
			targets = (
				7C34576226B7E76B00514F00 /* Vocaboo */,
			);
		};
/* End PBXProject section */

/* Begin PBXResourcesBuildPhase section */
		7C34576126B7E76B00514F00 /* Resources */ = {
			isa = PBXResourcesBuildPhase;
			buildActionMask = 2147483647;
			files = (
				7C34576E26B7E76D00514F00 /* Preview Assets.xcassets in Resources */,
				7C34576B26B7E76D00514F00 /* Assets.xcassets in Resources */,
			);
			runOnlyForDeploymentPostprocessing = 0;
		};
/* End PBXResourcesBuildPhase section */

/* Begin PBXSourcesBuildPhase section */
		7C34575F26B7E76B00514F00 /* Sources */ = {
			isa = PBXSourcesBuildPhase;
			buildActionMask = 2147483647;
			files = (
				7C34578126B7FD7400514F00 /* TrendingVocabViewModel.swift in Sources */,
				7C34578726B81A6900514F00 /* PersistenceController.swift in Sources */,
				7C34577E26B7FC5600514F00 /* TrendingVocab.swift in Sources */,
				7C34576926B7E76B00514F00 /* TrendingVocabulariesView.swift in Sources */,
				7C34576726B7E76B00514F00 /* VocabooApp.swift in Sources */,
				7C34577A26B7F5F900514F00 /* MyVocabulariesView.swift in Sources */,
				7C34578426B81A0000514F00 /* Vocab.xcdatamodeld in Sources */,
			);
			runOnlyForDeploymentPostprocessing = 0;
		};
/* End PBXSourcesBuildPhase section */

/* Begin XCBuildConfiguration section */
		7C34577026B7E76D00514F00 /* Debug */ = {
			isa = XCBuildConfiguration;
			buildSettings = {
				ALWAYS_SEARCH_USER_PATHS = NO;
				CLANG_ANALYZER_NONNULL = YES;
				CLANG_ANALYZER_NUMBER_OBJECT_CONVERSION = YES_AGGRESSIVE;
				CLANG_CXX_LANGUAGE_STANDARD = "gnu++14";
				CLANG_CXX_LIBRARY = "libc++";
				CLANG_ENABLE_MODULES = YES;
				CLANG_ENABLE_OBJC_ARC = YES;
				CLANG_ENABLE_OBJC_WEAK = YES;
				CLANG_WARN_BLOCK_CAPTURE_AUTORELEASING = YES;
				CLANG_WARN_BOOL_CONVERSION = YES;
				CLANG_WARN_COMMA = YES;
				CLANG_WARN_CONSTANT_CONVERSION = YES;
				CLANG_WARN_DEPRECATED_OBJC_IMPLEMENTATIONS = YES;
				CLANG_WARN_DIRECT_OBJC_ISA_USAGE = YES_ERROR;
				CLANG_WARN_DOCUMENTATION_COMMENTS = YES;
				CLANG_WARN_EMPTY_BODY = YES;
				CLANG_WARN_ENUM_CONVERSION = YES;
				CLANG_WARN_INFINITE_RECURSION = YES;
				CLANG_WARN_INT_CONVERSION = YES;
				CLANG_WARN_NON_LITERAL_NULL_CONVERSION = YES;
				CLANG_WARN_OBJC_IMPLICIT_RETAIN_SELF = YES;
				CLANG_WARN_OBJC_LITERAL_CONVERSION = YES;
				CLANG_WARN_OBJC_ROOT_CLASS = YES_ERROR;
				CLANG_WARN_QUOTED_INCLUDE_IN_FRAMEWORK_HEADER = YES;
				CLANG_WARN_RANGE_LOOP_ANALYSIS = YES;
				CLANG_WARN_STRICT_PROTOTYPES = YES;
				CLANG_WARN_SUSPICIOUS_MOVE = YES;
				CLANG_WARN_UNGUARDED_AVAILABILITY = YES_AGGRESSIVE;
				CLANG_WARN_UNREACHABLE_CODE = YES;
				CLANG_WARN__DUPLICATE_METHOD_MATCH = YES;
				COPY_PHASE_STRIP = NO;
				DEBUG_INFORMATION_FORMAT = dwarf;
				ENABLE_STRICT_OBJC_MSGSEND = YES;
				ENABLE_TESTABILITY = YES;
				GCC_C_LANGUAGE_STANDARD = gnu11;
				GCC_DYNAMIC_NO_PIC = NO;
				GCC_NO_COMMON_BLOCKS = YES;
				GCC_OPTIMIZATION_LEVEL = 0;
				GCC_PREPROCESSOR_DEFINITIONS = (
					"DEBUG=1",
					"$(inherited)",
				);
				GCC_WARN_64_TO_32_BIT_CONVERSION = YES;
				GCC_WARN_ABOUT_RETURN_TYPE = YES_ERROR;
				GCC_WARN_UNDECLARED_SELECTOR = YES;
				GCC_WARN_UNINITIALIZED_AUTOS = YES_AGGRESSIVE;
				GCC_WARN_UNUSED_FUNCTION = YES;
				GCC_WARN_UNUSED_VARIABLE = YES;
				IPHONEOS_DEPLOYMENT_TARGET = 14.5;
				MTL_ENABLE_DEBUG_INFO = INCLUDE_SOURCE;
				MTL_FAST_MATH = YES;
				ONLY_ACTIVE_ARCH = YES;
				SDKROOT = iphoneos;
				SWIFT_ACTIVE_COMPILATION_CONDITIONS = DEBUG;
				SWIFT_OPTIMIZATION_LEVEL = "-Onone";
			};
			name = Debug;
		};
		7C34577126B7E76D00514F00 /* Release */ = {
			isa = XCBuildConfiguration;
			buildSettings = {
				ALWAYS_SEARCH_USER_PATHS = NO;
				CLANG_ANALYZER_NONNULL = YES;
				CLANG_ANALYZER_NUMBER_OBJECT_CONVERSION = YES_AGGRESSIVE;
				CLANG_CXX_LANGUAGE_STANDARD = "gnu++14";
				CLANG_CXX_LIBRARY = "libc++";
				CLANG_ENABLE_MODULES = YES;
				CLANG_ENABLE_OBJC_ARC = YES;
				CLANG_ENABLE_OBJC_WEAK = YES;
				CLANG_WARN_BLOCK_CAPTURE_AUTORELEASING = YES;
				CLANG_WARN_BOOL_CONVERSION = YES;
				CLANG_WARN_COMMA = YES;
				CLANG_WARN_CONSTANT_CONVERSION = YES;
				CLANG_WARN_DEPRECATED_OBJC_IMPLEMENTATIONS = YES;
				CLANG_WARN_DIRECT_OBJC_ISA_USAGE = YES_ERROR;
				CLANG_WARN_DOCUMENTATION_COMMENTS = YES;
				CLANG_WARN_EMPTY_BODY = YES;
				CLANG_WARN_ENUM_CONVERSION = YES;
				CLANG_WARN_INFINITE_RECURSION = YES;
				CLANG_WARN_INT_CONVERSION = YES;
				CLANG_WARN_NON_LITERAL_NULL_CONVERSION = YES;
				CLANG_WARN_OBJC_IMPLICIT_RETAIN_SELF = YES;
				CLANG_WARN_OBJC_LITERAL_CONVERSION = YES;
				CLANG_WARN_OBJC_ROOT_CLASS = YES_ERROR;
				CLANG_WARN_QUOTED_INCLUDE_IN_FRAMEWORK_HEADER = YES;
				CLANG_WARN_RANGE_LOOP_ANALYSIS = YES;
				CLANG_WARN_STRICT_PROTOTYPES = YES;
				CLANG_WARN_SUSPICIOUS_MOVE = YES;
				CLANG_WARN_UNGUARDED_AVAILABILITY = YES_AGGRESSIVE;
				CLANG_WARN_UNREACHABLE_CODE = YES;
				CLANG_WARN__DUPLICATE_METHOD_MATCH = YES;
				COPY_PHASE_STRIP = NO;
				DEBUG_INFORMATION_FORMAT = "dwarf-with-dsym";
				ENABLE_NS_ASSERTIONS = NO;
				ENABLE_STRICT_OBJC_MSGSEND = YES;
				GCC_C_LANGUAGE_STANDARD = gnu11;
				GCC_NO_COMMON_BLOCKS = YES;
				GCC_WARN_64_TO_32_BIT_CONVERSION = YES;
				GCC_WARN_ABOUT_RETURN_TYPE = YES_ERROR;
				GCC_WARN_UNDECLARED_SELECTOR = YES;
				GCC_WARN_UNINITIALIZED_AUTOS = YES_AGGRESSIVE;
				GCC_WARN_UNUSED_FUNCTION = YES;
				GCC_WARN_UNUSED_VARIABLE = YES;
				IPHONEOS_DEPLOYMENT_TARGET = 14.5;
				MTL_ENABLE_DEBUG_INFO = NO;
				MTL_FAST_MATH = YES;
				SDKROOT = iphoneos;
				SWIFT_COMPILATION_MODE = wholemodule;
				SWIFT_OPTIMIZATION_LEVEL = "-O";
				VALIDATE_PRODUCT = YES;
			};
			name = Release;
		};
		7C34577326B7E76D00514F00 /* Debug */ = {
			isa = XCBuildConfiguration;
			buildSettings = {
				ASSETCATALOG_COMPILER_APPICON_NAME = AppIcon;
				ASSETCATALOG_COMPILER_GLOBAL_ACCENT_COLOR_NAME = AccentColor;
				CODE_SIGN_ENTITLEMENTS = Vocaboo/Vocaboo.entitlements;
				CODE_SIGN_STYLE = Automatic;
				DEVELOPMENT_ASSET_PATHS = "\"Vocaboo/Preview Content\"";
				DEVELOPMENT_TEAM = Y57LT3DKL7;
				ENABLE_PREVIEWS = YES;
				INFOPLIST_FILE = Vocaboo/Info.plist;
				IPHONEOS_DEPLOYMENT_TARGET = 14.0;
				LD_RUNPATH_SEARCH_PATHS = (
					"$(inherited)",
					"@executable_path/Frameworks",
				);
				PRODUCT_BUNDLE_IDENTIFIER = com.elcodestudio.VocabooTest;
				PRODUCT_NAME = "$(TARGET_NAME)";
				SWIFT_VERSION = 5.0;
				TARGETED_DEVICE_FAMILY = "1,2";
			};
			name = Debug;
		};
		7C34577426B7E76D00514F00 /* Release */ = {
			isa = XCBuildConfiguration;
			buildSettings = {
				ASSETCATALOG_COMPILER_APPICON_NAME = AppIcon;
				ASSETCATALOG_COMPILER_GLOBAL_ACCENT_COLOR_NAME = AccentColor;
				CODE_SIGN_ENTITLEMENTS = Vocaboo/Vocaboo.entitlements;
				CODE_SIGN_STYLE = Automatic;
				DEVELOPMENT_ASSET_PATHS = "\"Vocaboo/Preview Content\"";
				DEVELOPMENT_TEAM = Y57LT3DKL7;
				ENABLE_PREVIEWS = YES;
				INFOPLIST_FILE = Vocaboo/Info.plist;
				IPHONEOS_DEPLOYMENT_TARGET = 14.0;
				LD_RUNPATH_SEARCH_PATHS = (
					"$(inherited)",
					"@executable_path/Frameworks",
				);
				PRODUCT_BUNDLE_IDENTIFIER = com.elcodestudio.VocabooTest;
				PRODUCT_NAME = "$(TARGET_NAME)";
				SWIFT_VERSION = 5.0;
				TARGETED_DEVICE_FAMILY = "1,2";
			};
			name = Release;
		};
/* End XCBuildConfiguration section */

/* Begin XCConfigurationList section */
		7C34575E26B7E76B00514F00 /* Build configuration list for PBXProject "Vocaboo" */ = {
			isa = XCConfigurationList;
			buildConfigurations = (
				7C34577026B7E76D00514F00 /* Debug */,
				7C34577126B7E76D00514F00 /* Release */,
			);
			defaultConfigurationIsVisible = 0;
			defaultConfigurationName = Release;
		};
		7C34577226B7E76D00514F00 /* Build configuration list for PBXNativeTarget "Vocaboo" */ = {
			isa = XCConfigurationList;
			buildConfigurations = (
				7C34577326B7E76D00514F00 /* Debug */,
				7C34577426B7E76D00514F00 /* Release */,
			);
			defaultConfigurationIsVisible = 0;
			defaultConfigurationName = Release;
		};
/* End XCConfigurationList section */

/* Begin XCVersionGroup section */
		7C34578226B81A0000514F00 /* Vocab.xcdatamodeld */ = {
			isa = XCVersionGroup;
			children = (
				7C34578326B81A0000514F00 /* Vocab.xcdatamodel */,
			);
			currentVersion = 7C34578326B81A0000514F00 /* Vocab.xcdatamodel */;
			path = Vocab.xcdatamodeld;
			sourceTree = "<group>";
			versionGroupType = wrapper.xcdatamodel;
		};
/* End XCVersionGroup section */
	};
	rootObject = 7C34575B26B7E76B00514F00 /* Project object */;
}
